
Microsoft Visual Studio Solution File, Format Version 12.00
# Visual Studio Version 16
VisualStudioVersion = 16.0.31105.61
MinimumVisualStudioVersion = 10.0.40219.1
Project("{FAE04EC0-301F-11D3-BF4B-00C04F79EFBC}") = "MicroORM", "MicroORM\MicroORM.csproj", "{F795921E-B0BA-4F20-BC10-675CD7CB0266}"
EndProject
Global
	GlobalSection(SolutionConfigurationPlatforms) = preSolution
		Debug|Any CPU = Debug|Any CPU
		Release|Any CPU = Release|Any CPU
	EndGlobalSection
	GlobalSection(ProjectConfigurationPlatforms) = postSolution
		{F795921E-B0BA-4F20-BC10-675CD7CB0266}.Debug|Any CPU.ActiveCfg = Debug|Any CPU
		{F795921E-B0BA-4F20-BC10-675CD7CB0266}.Debug|Any CPU.Build.0 = Debug|Any CPU
		{F795921E-B0BA-4F20-BC10-675CD7CB0266}.Release|Any CPU.ActiveCfg = Release|Any CPU
		{F795921E-B0BA-4F20-BC10-675CD7CB0266}.Release|Any CPU.Build.0 = Release|Any CPU
	EndGlobalSection
	GlobalSection(SolutionProperties) = preSolution
		HideSolutionNode = FALSE
	EndGlobalSection
	GlobalSection(ExtensibilityGlobals) = postSolution
		SolutionGuid = {7069E6A1-3584-4298-B4DF-DFAA5815A3B6}
	EndGlobalSection
EndGlobal
